# This file is automatically @generated by Cargo.
# It is not intended for manual editing.
version = 4

[[package]]
name = "wkp-cli"
version = "0.1.0"

[[package]]
name = "wkp-core"
version = "0.1.0"

[[package]]
name = "wkp-crypto"
version = "0.1.0"

[[package]]
name = "wkp-git"
version = "0.1.0"

[[package]]
name = "wkp-hub"
version = "0.1.0"

[[package]]
name = "wkp-sys"
version = "0.1.0"
